
Microsoft Visual Studio Solution File, Format Version 12.00
# Visual Studio Version 17
VisualStudioVersion = 17.12.35309.182
MinimumVisualStudioVersion = 10.0.40219.1
Project("{FAE04EC0-301F-11D3-BF4B-00C04F79EFBC}") = "ResourceUsage.AOTDemo", "ResourceUsage.AOTDemo\ResourceUsage.AOTDemo.csproj", "{456A61E3-8A9A-4B3C-AA65-E319F053CEAF}"
EndProject
Global
	GlobalSection(SolutionConfigurationPlatforms) = preSolution
		Debug|Any CPU = Debug|Any CPU
		Release|Any CPU = Release|Any CPU
	EndGlobalSection
	GlobalSection(ProjectConfigurationPlatforms) = postSolution
		{456A61E3-8A9A-4B3C-AA65-E319F053CEAF}.Debug|Any CPU.ActiveCfg = Debug|Any CPU
		{456A61E3-8A9A-4B3C-AA65-E319F053CEAF}.Debug|Any CPU.Build.0 = Debug|Any CPU
		{456A61E3-8A9A-4B3C-AA65-E319F053CEAF}.Release|Any CPU.ActiveCfg = Release|Any CPU
		{456A61E3-8A9A-4B3C-AA65-E319F053CEAF}.Release|Any CPU.Build.0 = Release|Any CPU
	EndGlobalSection
	GlobalSection(SolutionProperties) = preSolution
		HideSolutionNode = FALSE
	EndGlobalSection
	GlobalSection(ExtensibilityGlobals) = postSolution
		SolutionGuid = {D78AAC96-C54A-4ED2-9A61-1C6B308BEDB5}
	EndGlobalSection
EndGlobal
